
Microsoft Visual Studio Solution File, Format Version 12.00
# Visual Studio Version 16
VisualStudioVersion = 16.0.29709.97
MinimumVisualStudioVersion = 10.0.40219.1
Project("{FAE04EC0-301F-11D3-BF4B-00C04F79EFBC}") = "PeirceGen", "PeirceGen.csproj", "{4FEC7DBE-9732-48B0-AAE2-2949842382F0}"
EndProject
Global
	GlobalSection(SolutionConfigurationPlatforms) = preSolution
		Debug|Any CPU = Debug|Any CPU
		Release|Any CPU = Release|Any CPU
	EndGlobalSection
	GlobalSection(ProjectConfigurationPlatforms) = postSolution
		{4FEC7DBE-9732-48B0-AAE2-2949842382F0}.Debug|Any CPU.ActiveCfg = Debug|Any CPU
		{4FEC7DBE-9732-48B0-AAE2-2949842382F0}.Debug|Any CPU.Build.0 = Debug|Any CPU
		{4FEC7DBE-9732-48B0-AAE2-2949842382F0}.Release|Any CPU.ActiveCfg = Release|Any CPU
		{4FEC7DBE-9732-48B0-AAE2-2949842382F0}.Release|Any CPU.Build.0 = Release|Any CPU
	EndGlobalSection
	GlobalSection(SolutionProperties) = preSolution
		HideSolutionNode = FALSE
	EndGlobalSection
	GlobalSection(ExtensibilityGlobals) = postSolution
		SolutionGuid = {67F3D52F-BEF4-4FE6-AA6F-0D1BF2D249E4}
	EndGlobalSection
EndGlobal
